// !$*UTF8*$!
{
	archiveVersion = 1;
	classes = {
	};
	objectVersion = 46;
	objects = {

/* Begin PBXBuildFile section */
		2B1089151DE6119800652D19 /* main.m in Sources */ = {isa = PBXBuildFile; fileRef = 2B1089141DE6119800652D19 /* main.m */; };
		2B1089181DE6119800652D19 /* AppDelegate.m in Sources */ = {isa = PBXBuildFile; fileRef = 2B1089171DE6119800652D19 /* AppDelegate.m */; };
		2B10891B1DE6119800652D19 /* Every_DoAgainCoreData.xcdatamodeld in Sources */ = {isa = PBXBuildFile; fileRef = 2B1089191DE6119800652D19 /* Every_DoAgainCoreData.xcdatamodeld */; };
		2B10891E1DE6119800652D19 /* MasterViewController.m in Sources */ = {isa = PBXBuildFile; fileRef = 2B10891D1DE6119800652D19 /* MasterViewController.m */; };
		2B1089211DE6119800652D19 /* DetailViewController.m in Sources */ = {isa = PBXBuildFile; fileRef = 2B1089201DE6119800652D19 /* DetailViewController.m */; };
		2B1089241DE6119800652D19 /* Main.storyboard in Resources */ = {isa = PBXBuildFile; fileRef = 2B1089221DE6119800652D19 /* Main.storyboard */; };
		2B1089261DE6119800652D19 /* Assets.xcassets in Resources */ = {isa = PBXBuildFile; fileRef = 2B1089251DE6119800652D19 /* Assets.xcassets */; };
		2B1089291DE6119800652D19 /* LaunchScreen.storyboard in Resources */ = {isa = PBXBuildFile; fileRef = 2B1089271DE6119800652D19 /* LaunchScreen.storyboard */; };
		2B1089341DE6119800652D19 /* Every_DoAgainCoreDataTests.m in Sources */ = {isa = PBXBuildFile; fileRef = 2B1089331DE6119800652D19 /* Every_DoAgainCoreDataTests.m */; };
		2B10893F1DE6119800652D19 /* Every_DoAgainCoreDataUITests.m in Sources */ = {isa = PBXBuildFile; fileRef = 2B10893E1DE6119800652D19 /* Every_DoAgainCoreDataUITests.m */; };
		2B1089511DE6124100652D19 /* Todo+CoreDataProperties.m in Sources */ = {isa = PBXBuildFile; fileRef = 2B10894F1DE6124100652D19 /* Todo+CoreDataProperties.m */; };
		2B1089541DE6159400652D19 /* NSDate+HelperFunction.m in Sources */ = {isa = PBXBuildFile; fileRef = 2B1089531DE6159400652D19 /* NSDate+HelperFunction.m */; };
		2B1089571DE615C700652D19 /* AddItemViewController.m in Sources */ = {isa = PBXBuildFile; fileRef = 2B1089561DE615C700652D19 /* AddItemViewController.m */; };
		2B10895A1DE6160000652D19 /* CustomTableViewCell.m in Sources */ = {isa = PBXBuildFile; fileRef = 2B1089591DE6160000652D19 /* CustomTableViewCell.m */; };
/* End PBXBuildFile section */

/* Begin PBXContainerItemProxy section */
		2B1089301DE6119800652D19 /* PBXContainerItemProxy */ = {
			isa = PBXContainerItemProxy;
			containerPortal = 2B1089081DE6119800652D19 /* Project object */;
			proxyType = 1;
			remoteGlobalIDString = 2B10890F1DE6119800652D19;
			remoteInfo = Every.DoAgainCoreData;
		};
		2B10893B1DE6119800652D19 /* PBXContainerItemProxy */ = {
			isa = PBXContainerItemProxy;
			containerPortal = 2B1089081DE6119800652D19 /* Project object */;
			proxyType = 1;
			remoteGlobalIDString = 2B10890F1DE6119800652D19;
			remoteInfo = Every.DoAgainCoreData;
		};
/* End PBXContainerItemProxy section */

/* Begin PBXFileReference section */
		2B1089101DE6119800652D19 /* Every.DoAgainCoreData.app */ = {isa = PBXFileReference; explicitFileType = wrapper.application; includeInIndex = 0; path = Every.DoAgainCoreData.app; sourceTree = BUILT_PRODUCTS_DIR; };
		2B1089141DE6119800652D19 /* main.m */ = {isa = PBXFileReference; lastKnownFileType = sourcecode.c.objc; path = main.m; sourceTree = "<group>"; };
		2B1089161DE6119800652D19 /* AppDelegate.h */ = {isa = PBXFileReference; lastKnownFileType = sourcecode.c.h; path = AppDelegate.h; sourceTree = "<group>"; };
		2B1089171DE6119800652D19 /* AppDelegate.m */ = {isa = PBXFileReference; lastKnownFileType = sourcecode.c.objc; path = AppDelegate.m; sourceTree = "<group>"; };
		2B10891A1DE6119800652D19 /* Every_DoAgainCoreData.xcdatamodel */ = {isa = PBXFileReference; lastKnownFileType = wrapper.xcdatamodel; path = Every_DoAgainCoreData.xcdatamodel; sourceTree = "<group>"; };
		2B10891C1DE6119800652D19 /* MasterViewController.h */ = {isa = PBXFileReference; lastKnownFileType = sourcecode.c.h; path = MasterViewController.h; sourceTree = "<group>"; };
		2B10891D1DE6119800652D19 /* MasterViewController.m */ = {isa = PBXFileReference; lastKnownFileType = sourcecode.c.objc; path = MasterViewController.m; sourceTree = "<group>"; };
		2B10891F1DE6119800652D19 /* DetailViewController.h */ = {isa = PBXFileReference; lastKnownFileType = sourcecode.c.h; path = DetailViewController.h; sourceTree = "<group>"; };
		2B1089201DE6119800652D19 /* DetailViewController.m */ = {isa = PBXFileReference; lastKnownFileType = sourcecode.c.objc; path = DetailViewController.m; sourceTree = "<group>"; };
		2B1089231DE6119800652D19 /* Base */ = {isa = PBXFileReference; lastKnownFileType = file.storyboard; name = Base; path = Base.lproj/Main.storyboard; sourceTree = "<group>"; };
		2B1089251DE6119800652D19 /* Assets.xcassets */ = {isa = PBXFileReference; lastKnownFileType = folder.assetcatalog; path = Assets.xcassets; sourceTree = "<group>"; };
		2B1089281DE6119800652D19 /* Base */ = {isa = PBXFileReference; lastKnownFileType = file.storyboard; name = Base; path = Base.lproj/LaunchScreen.storyboard; sourceTree = "<group>"; };
		2B10892A1DE6119800652D19 /* Info.plist */ = {isa = PBXFileReference; lastKnownFileType = text.plist.xml; path = Info.plist; sourceTree = "<group>"; };
		2B10892F1DE6119800652D19 /* Every.DoAgainCoreDataTests.xctest */ = {isa = PBXFileReference; explicitFileType = wrapper.cfbundle; includeInIndex = 0; path = Every.DoAgainCoreDataTests.xctest; sourceTree = BUILT_PRODUCTS_DIR; };
		2B1089331DE6119800652D19 /* Every_DoAgainCoreDataTests.m */ = {isa = PBXFileReference; lastKnownFileType = sourcecode.c.objc; path = Every_DoAgainCoreDataTests.m; sourceTree = "<group>"; };
		2B1089351DE6119800652D19 /* Info.plist */ = {isa = PBXFileReference; lastKnownFileType = text.plist.xml; path = Info.plist; sourceTree = "<group>"; };
		2B10893A1DE6119800652D19 /* Every.DoAgainCoreDataUITests.xctest */ = {isa = PBXFileReference; explicitFileType = wrapper.cfbundle; includeInIndex = 0; path = Every.DoAgainCoreDataUITests.xctest; sourceTree = BUILT_PRODUCTS_DIR; };
		2B10893E1DE6119800652D19 /* Every_DoAgainCoreDataUITests.m */ = {isa = PBXFileReference; lastKnownFileType = sourcecode.c.objc; path = Every_DoAgainCoreDataUITests.m; sourceTree = "<group>"; };
		2B1089401DE6119800652D19 /* Info.plist */ = {isa = PBXFileReference; lastKnownFileType = text.plist.xml; path = Info.plist; sourceTree = "<group>"; };
		2B10894C1DE6124100652D19 /* Todo+CoreDataClass.h */ = {isa = PBXFileReference; fileEncoding = 4; lastKnownFileType = sourcecode.c.h; name = "Todo+CoreDataClass.h"; path = "../Todo+CoreDataClass.h"; sourceTree = "<group>"; };
		2B10894F1DE6124100652D19 /* Todo+CoreDataProperties.m */ = {isa = PBXFileReference; fileEncoding = 4; lastKnownFileType = sourcecode.c.objc; name = "Todo+CoreDataProperties.m"; path = "../Todo+CoreDataProperties.m"; sourceTree = "<group>"; };
		2B1089521DE6159400652D19 /* NSDate+HelperFunction.h */ = {isa = PBXFileReference; fileEncoding = 4; lastKnownFileType = sourcecode.c.h; path = "NSDate+HelperFunction.h"; sourceTree = "<group>"; };
		2B1089531DE6159400652D19 /* NSDate+HelperFunction.m */ = {isa = PBXFileReference; fileEncoding = 4; lastKnownFileType = sourcecode.c.objc; path = "NSDate+HelperFunction.m"; sourceTree = "<group>"; };
		2B1089551DE615C700652D19 /* AddItemViewController.h */ = {isa = PBXFileReference; fileEncoding = 4; lastKnownFileType = sourcecode.c.h; path = AddItemViewController.h; sourceTree = "<group>"; };
		2B1089561DE615C700652D19 /* AddItemViewController.m */ = {isa = PBXFileReference; fileEncoding = 4; lastKnownFileType = sourcecode.c.objc; path = AddItemViewController.m; sourceTree = "<group>"; };
		2B1089581DE6160000652D19 /* CustomTableViewCell.h */ = {isa = PBXFileReference; fileEncoding = 4; lastKnownFileType = sourcecode.c.h; path = CustomTableViewCell.h; sourceTree = "<group>"; };
		2B1089591DE6160000652D19 /* CustomTableViewCell.m */ = {isa = PBXFileReference; fileEncoding = 4; lastKnownFileType = sourcecode.c.objc; path = CustomTableViewCell.m; sourceTree = "<group>"; };
/* End PBXFileReference section */

/* Begin PBXFrameworksBuildPhase section */
		2B10890D1DE6119800652D19 /* Frameworks */ = {
			isa = PBXFrameworksBuildPhase;
			buildActionMask = 2147483647;
			files = (
			);
			runOnlyForDeploymentPostprocessing = 0;
		};
		2B10892C1DE6119800652D19 /* Frameworks */ = {
			isa = PBXFrameworksBuildPhase;
			buildActionMask = 2147483647;
			files = (
			);
			runOnlyForDeploymentPostprocessing = 0;
		};
		2B1089371DE6119800652D19 /* Frameworks */ = {
			isa = PBXFrameworksBuildPhase;
			buildActionMask = 2147483647;
			files = (
			);
			runOnlyForDeploymentPostprocessing = 0;
		};
/* End PBXFrameworksBuildPhase section */

/* Begin PBXGroup section */
		2B1089071DE6119800652D19 = {
			isa = PBXGroup;
			children = (
				2B1089121DE6119800652D19 /* Every.DoAgainCoreData */,
				2B1089321DE6119800652D19 /* Every.DoAgainCoreDataTests */,
				2B10893D1DE6119800652D19 /* Every.DoAgainCoreDataUITests */,
				2B1089111DE6119800652D19 /* Products */,
			);
			sourceTree = "<group>";
		};
		2B1089111DE6119800652D19 /* Products */ = {
			isa = PBXGroup;
			children = (
				2B1089101DE6119800652D19 /* Every.DoAgainCoreData.app */,
				2B10892F1DE6119800652D19 /* Every.DoAgainCoreDataTests.xctest */,
				2B10893A1DE6119800652D19 /* Every.DoAgainCoreDataUITests.xctest */,
			);
			name = Products;
			sourceTree = "<group>";
		};
		2B1089121DE6119800652D19 /* Every.DoAgainCoreData */ = {
			isa = PBXGroup;
			children = (
				2B1089161DE6119800652D19 /* AppDelegate.h */,
				2B1089171DE6119800652D19 /* AppDelegate.m */,
				2B10891C1DE6119800652D19 /* MasterViewController.h */,
				2B10891D1DE6119800652D19 /* MasterViewController.m */,
				2B10891F1DE6119800652D19 /* DetailViewController.h */,
				2B1089201DE6119800652D19 /* DetailViewController.m */,
				2B1089551DE615C700652D19 /* AddItemViewController.h */,
				2B1089561DE615C700652D19 /* AddItemViewController.m */,
				2B1089581DE6160000652D19 /* CustomTableViewCell.h */,
				2B1089591DE6160000652D19 /* CustomTableViewCell.m */,
				2B10894C1DE6124100652D19 /* Todo+CoreDataClass.h */,
				2B10894F1DE6124100652D19 /* Todo+CoreDataProperties.m */,
				2B1089521DE6159400652D19 /* NSDate+HelperFunction.h */,
				2B1089531DE6159400652D19 /* NSDate+HelperFunction.m */,
				2B1089221DE6119800652D19 /* Main.storyboard */,
				2B1089251DE6119800652D19 /* Assets.xcassets */,
				2B1089271DE6119800652D19 /* LaunchScreen.storyboard */,
				2B10892A1DE6119800652D19 /* Info.plist */,
				2B1089191DE6119800652D19 /* Every_DoAgainCoreData.xcdatamodeld */,
				2B1089131DE6119800652D19 /* Supporting Files */,
			);
			path = Every.DoAgainCoreData;
			sourceTree = "<group>";
		};
		2B1089131DE6119800652D19 /* Supporting Files */ = {
			isa = PBXGroup;
			children = (
				2B1089141DE6119800652D19 /* main.m */,
			);
			name = "Supporting Files";
			sourceTree = "<group>";
		};
		2B1089321DE6119800652D19 /* Every.DoAgainCoreDataTests */ = {
			isa = PBXGroup;
			children = (
				2B1089331DE6119800652D19 /* Every_DoAgainCoreDataTests.m */,
				2B1089351DE6119800652D19 /* Info.plist */,
			);
			path = Every.DoAgainCoreDataTests;
			sourceTree = "<group>";
		};
		2B10893D1DE6119800652D19 /* Every.DoAgainCoreDataUITests */ = {
			isa = PBXGroup;
			children = (
				2B10893E1DE6119800652D19 /* Every_DoAgainCoreDataUITests.m */,
				2B1089401DE6119800652D19 /* Info.plist */,
			);
			path = Every.DoAgainCoreDataUITests;
			sourceTree = "<group>";
		};
/* End PBXGroup section */

/* Begin PBXNativeTarget section */
		2B10890F1DE6119800652D19 /* Every.DoAgainCoreData */ = {
			isa = PBXNativeTarget;
			buildConfigurationList = 2B1089431DE6119800652D19 /* Build configuration list for PBXNativeTarget "Every.DoAgainCoreData" */;
			buildPhases = (
				2B10890C1DE6119800652D19 /* Sources */,
				2B10890D1DE6119800652D19 /* Frameworks */,
				2B10890E1DE6119800652D19 /* Resources */,
			);
			buildRules = (
			);
			dependencies = (
			);
			name = Every.DoAgainCoreData;
			productName = Every.DoAgainCoreData;
			productReference = 2B1089101DE6119800652D19 /* Every.DoAgainCoreData.app */;
			productType = "com.apple.product-type.application";
		};
		2B10892E1DE6119800652D19 /* Every.DoAgainCoreDataTests */ = {
			isa = PBXNativeTarget;
			buildConfigurationList = 2B1089461DE6119800652D19 /* Build configuration list for PBXNativeTarget "Every.DoAgainCoreDataTests" */;
			buildPhases = (
				2B10892B1DE6119800652D19 /* Sources */,
				2B10892C1DE6119800652D19 /* Frameworks */,
				2B10892D1DE6119800652D19 /* Resources */,
			);
			buildRules = (
			);
			dependencies = (
				2B1089311DE6119800652D19 /* PBXTargetDependency */,
			);
			name = Every.DoAgainCoreDataTests;
			productName = Every.DoAgainCoreDataTests;
			productReference = 2B10892F1DE6119800652D19 /* Every.DoAgainCoreDataTests.xctest */;
			productType = "com.apple.product-type.bundle.unit-test";
		};
		2B1089391DE6119800652D19 /* Every.DoAgainCoreDataUITests */ = {
			isa = PBXNativeTarget;
			buildConfigurationList = 2B1089491DE6119800652D19 /* Build configuration list for PBXNativeTarget "Every.DoAgainCoreDataUITests" */;
			buildPhases = (
				2B1089361DE6119800652D19 /* Sources */,
				2B1089371DE6119800652D19 /* Frameworks */,
				2B1089381DE6119800652D19 /* Resources */,
			);
			buildRules = (
			);
			dependencies = (
				2B10893C1DE6119800652D19 /* PBXTargetDependency */,
			);
			name = Every.DoAgainCoreDataUITests;
			productName = Every.DoAgainCoreDataUITests;
			productReference = 2B10893A1DE6119800652D19 /* Every.DoAgainCoreDataUITests.xctest */;
			productType = "com.apple.product-type.bundle.ui-testing";
		};
/* End PBXNativeTarget section */

/* Begin PBXProject section */
		2B1089081DE6119800652D19 /* Project object */ = {
			isa = PBXProject;
			attributes = {
				LastUpgradeCheck = 0810;
				ORGANIZATIONNAME = "Victor Hong";
				TargetAttributes = {
					2B10890F1DE6119800652D19 = {
						CreatedOnToolsVersion = 8.1;
						ProvisioningStyle = Automatic;
					};
					2B10892E1DE6119800652D19 = {
						CreatedOnToolsVersion = 8.1;
						ProvisioningStyle = Automatic;
						TestTargetID = 2B10890F1DE6119800652D19;
					};
					2B1089391DE6119800652D19 = {
						CreatedOnToolsVersion = 8.1;
						ProvisioningStyle = Automatic;
						TestTargetID = 2B10890F1DE6119800652D19;
					};
				};
			};
			buildConfigurationList = 2B10890B1DE6119800652D19 /* Build configuration list for PBXProject "Every.DoAgainCoreData" */;
			compatibilityVersion = "Xcode 3.2";
			developmentRegion = English;
			hasScannedForEncodings = 0;
			knownRegions = (
				en,
				Base,
			);
			mainGroup = 2B1089071DE6119800652D19;
			productRefGroup = 2B1089111DE6119800652D19 /* Products */;
			projectDirPath = "";
			projectRoot = "";
			targets = (
				2B10890F1DE6119800652D19 /* Every.DoAgainCoreData */,
				2B10892E1DE6119800652D19 /* Every.DoAgainCoreDataTests */,
				2B1089391DE6119800652D19 /* Every.DoAgainCoreDataUITests */,
			);
		};
/* End PBXProject section */

/* Begin PBXResourcesBuildPhase section */
		2B10890E1DE6119800652D19 /* Resources */ = {
			isa = PBXResourcesBuildPhase;
			buildActionMask = 2147483647;
			files = (
				2B1089291DE6119800652D19 /* LaunchScreen.storyboard in Resources */,
				2B1089261DE6119800652D19 /* Assets.xcassets in Resources */,
				2B1089241DE6119800652D19 /* Main.storyboard in Resources */,
			);
			runOnlyForDeploymentPostprocessing = 0;
		};
		2B10892D1DE6119800652D19 /* Resources */ = {
			isa = PBXResourcesBuildPhase;
			buildActionMask = 2147483647;
			files = (
			);
			runOnlyForDeploymentPostprocessing = 0;
		};
		2B1089381DE6119800652D19 /* Resources */ = {
			isa = PBXResourcesBuildPhase;
			buildActionMask = 2147483647;
			files = (
			);
			runOnlyForDeploymentPostprocessing = 0;
		};
/* End PBXResourcesBuildPhase section */

/* Begin PBXSourcesBuildPhase section */
		2B10890C1DE6119800652D19 /* Sources */ = {
			isa = PBXSourcesBuildPhase;
			buildActionMask = 2147483647;
			files = (
				2B1089211DE6119800652D19 /* DetailViewController.m in Sources */,
				2B1089571DE615C700652D19 /* AddItemViewController.m in Sources */,
				2B1089511DE6124100652D19 /* Todo+CoreDataProperties.m in Sources */,
				2B10891E1DE6119800652D19 /* MasterViewController.m in Sources */,
				2B1089181DE6119800652D19 /* AppDelegate.m in Sources */,
				2B10895A1DE6160000652D19 /* CustomTableViewCell.m in Sources */,
				2B1089541DE6159400652D19 /* NSDate+HelperFunction.m in Sources */,
				2B1089151DE6119800652D19 /* main.m in Sources */,
				2B10891B1DE6119800652D19 /* Every_DoAgainCoreData.xcdatamodeld in Sources */,
			);
			runOnlyForDeploymentPostprocessing = 0;
		};
		2B10892B1DE6119800652D19 /* Sources */ = {
			isa = PBXSourcesBuildPhase;
			buildActionMask = 2147483647;
			files = (
				2B1089341DE6119800652D19 /* Every_DoAgainCoreDataTests.m in Sources */,
			);
			runOnlyForDeploymentPostprocessing = 0;
		};
		2B1089361DE6119800652D19 /* Sources */ = {
			isa = PBXSourcesBuildPhase;
			buildActionMask = 2147483647;
			files = (
				2B10893F1DE6119800652D19 /* Every_DoAgainCoreDataUITests.m in Sources */,
			);
			runOnlyForDeploymentPostprocessing = 0;
		};
/* End PBXSourcesBuildPhase section */

/* Begin PBXTargetDependency section */
		2B1089311DE6119800652D19 /* PBXTargetDependency */ = {
			isa = PBXTargetDependency;
			target = 2B10890F1DE6119800652D19 /* Every.DoAgainCoreData */;
			targetProxy = 2B1089301DE6119800652D19 /* PBXContainerItemProxy */;
		};
		2B10893C1DE6119800652D19 /* PBXTargetDependency */ = {
			isa = PBXTargetDependency;
			target = 2B10890F1DE6119800652D19 /* Every.DoAgainCoreData */;
			targetProxy = 2B10893B1DE6119800652D19 /* PBXContainerItemProxy */;
		};
/* End PBXTargetDependency section */

/* Begin PBXVariantGroup section */
		2B1089221DE6119800652D19 /* Main.storyboard */ = {
			isa = PBXVariantGroup;
			children = (
				2B1089231DE6119800652D19 /* Base */,
			);
			name = Main.storyboard;
			sourceTree = "<group>";
		};
		2B1089271DE6119800652D19 /* LaunchScreen.storyboard */ = {
			isa = PBXVariantGroup;
			children = (
				2B1089281DE6119800652D19 /* Base */,
			);
			name = LaunchScreen.storyboard;
			sourceTree = "<group>";
		};
/* End PBXVariantGroup section */

/* Begin XCBuildConfiguration section */
		2B1089411DE6119800652D19 /* Debug */ = {
			isa = XCBuildConfiguration;
			buildSettings = {
				ALWAYS_SEARCH_USER_PATHS = NO;
				CLANG_ANALYZER_NONNULL = YES;
				CLANG_CXX_LANGUAGE_STANDARD = "gnu++0x";
				CLANG_CXX_LIBRARY = "libc++";
				CLANG_ENABLE_MODULES = YES;
				CLANG_ENABLE_OBJC_ARC = YES;
				CLANG_WARN_BOOL_CONVERSION = YES;
				CLANG_WARN_CONSTANT_CONVERSION = YES;
				CLANG_WARN_DIRECT_OBJC_ISA_USAGE = YES_ERROR;
				CLANG_WARN_DOCUMENTATION_COMMENTS = YES;
				CLANG_WARN_EMPTY_BODY = YES;
				CLANG_WARN_ENUM_CONVERSION = YES;
				CLANG_WARN_INFINITE_RECURSION = YES;
				CLANG_WARN_INT_CONVERSION = YES;
				CLANG_WARN_OBJC_ROOT_CLASS = YES_ERROR;
				CLANG_WARN_SUSPICIOUS_MOVES = YES;
				CLANG_WARN_UNREACHABLE_CODE = YES;
				CLANG_WARN__DUPLICATE_METHOD_MATCH = YES;
				"CODE_SIGN_IDENTITY[sdk=iphoneos*]" = "iPhone Developer";
				COPY_PHASE_STRIP = NO;
				DEBUG_INFORMATION_FORMAT = dwarf;
				ENABLE_STRICT_OBJC_MSGSEND = YES;
				ENABLE_TESTABILITY = YES;
				GCC_C_LANGUAGE_STANDARD = gnu99;
				GCC_DYNAMIC_NO_PIC = NO;
				GCC_NO_COMMON_BLOCKS = YES;
				GCC_OPTIMIZATION_LEVEL = 0;
				GCC_PREPROCESSOR_DEFINITIONS = (
					"DEBUG=1",
					"$(inherited)",
				);
				GCC_WARN_64_TO_32_BIT_CONVERSION = YES;
				GCC_WARN_ABOUT_RETURN_TYPE = YES_ERROR;
				GCC_WARN_UNDECLARED_SELECTOR = YES;
				GCC_WARN_UNINITIALIZED_AUTOS = YES_AGGRESSIVE;
				GCC_WARN_UNUSED_FUNCTION = YES;
				GCC_WARN_UNUSED_VARIABLE = YES;
				IPHONEOS_DEPLOYMENT_TARGET = 10.1;
				MTL_ENABLE_DEBUG_INFO = YES;
				ONLY_ACTIVE_ARCH = YES;
				SDKROOT = iphoneos;
				TARGETED_DEVICE_FAMILY = "1,2";
			};
			name = Debug;
		};
		2B1089421DE6119800652D19 /* Release */ = {
			isa = XCBuildConfiguration;
			buildSettings = {
				ALWAYS_SEARCH_USER_PATHS = NO;
				CLANG_ANALYZER_NONNULL = YES;
				CLANG_CXX_LANGUAGE_STANDARD = "gnu++0x";
				CLANG_CXX_LIBRARY = "libc++";
				CLANG_ENABLE_MODULES = YES;
				CLANG_ENABLE_OBJC_ARC = YES;
				CLANG_WARN_BOOL_CONVERSION = YES;
				CLANG_WARN_CONSTANT_CONVERSION = YES;
				CLANG_WARN_DIRECT_OBJC_ISA_USAGE = YES_ERROR;
				CLANG_WARN_DOCUMENTATION_COMMENTS = YES;
				CLANG_WARN_EMPTY_BODY = YES;
				CLANG_WARN_ENUM_CONVERSION = YES;
				CLANG_WARN_INFINITE_RECURSION = YES;
				CLANG_WARN_INT_CONVERSION = YES;
				CLANG_WARN_OBJC_ROOT_CLASS = YES_ERROR;
				CLANG_WARN_SUSPICIOUS_MOVES = YES;
				CLANG_WARN_UNREACHABLE_CODE = YES;
				CLANG_WARN__DUPLICATE_METHOD_MATCH = YES;
				"CODE_SIGN_IDENTITY[sdk=iphoneos*]" = "iPhone Developer";
				COPY_PHASE_STRIP = NO;
				DEBUG_INFORMATION_FORMAT = "dwarf-with-dsym";
				ENABLE_NS_ASSERTIONS = NO;
				ENABLE_STRICT_OBJC_MSGSEND = YES;
				GCC_C_LANGUAGE_STANDARD = gnu99;
				GCC_NO_COMMON_BLOCKS = YES;
				GCC_WARN_64_TO_32_BIT_CONVERSION = YES;
				GCC_WARN_ABOUT_RETURN_TYPE = YES_ERROR;
				GCC_WARN_UNDECLARED_SELECTOR = YES;
				GCC_WARN_UNINITIALIZED_AUTOS = YES_AGGRESSIVE;
				GCC_WARN_UNUSED_FUNCTION = YES;
				GCC_WARN_UNUSED_VARIABLE = YES;
				IPHONEOS_DEPLOYMENT_TARGET = 10.1;
				MTL_ENABLE_DEBUG_INFO = NO;
				SDKROOT = iphoneos;
				TARGETED_DEVICE_FAMILY = "1,2";
				VALIDATE_PRODUCT = YES;
			};
			name = Release;
		};
		2B1089441DE6119800652D19 /* Debug */ = {
			isa = XCBuildConfiguration;
			buildSettings = {
				ASSETCATALOG_COMPILER_APPICON_NAME = AppIcon;
				INFOPLIST_FILE = Every.DoAgainCoreData/Info.plist;
				LD_RUNPATH_SEARCH_PATHS = "$(inherited) @executable_path/Frameworks";
				PRODUCT_BUNDLE_IDENTIFIER = "com.victorhong.Every-DoAgainCoreData";
				PRODUCT_NAME = "$(TARGET_NAME)";
			};
			name = Debug;
		};
		2B1089451DE6119800652D19 /* Release */ = {
			isa = XCBuildConfiguration;
			buildSettings = {
				ASSETCATALOG_COMPILER_APPICON_NAME = AppIcon;
				INFOPLIST_FILE = Every.DoAgainCoreData/Info.plist;
				LD_RUNPATH_SEARCH_PATHS = "$(inherited) @executable_path/Frameworks";
				PRODUCT_BUNDLE_IDENTIFIER = "com.victorhong.Every-DoAgainCoreData";
				PRODUCT_NAME = "$(TARGET_NAME)";
			};
			name = Release;
		};
		2B1089471DE6119800652D19 /* Debug */ = {
			isa = XCBuildConfiguration;
			buildSettings = {
				BUNDLE_LOADER = "$(TEST_HOST)";
				INFOPLIST_FILE = Every.DoAgainCoreDataTests/Info.plist;
				LD_RUNPATH_SEARCH_PATHS = "$(inherited) @executable_path/Frameworks @loader_path/Frameworks";
				PRODUCT_BUNDLE_IDENTIFIER = "com.victorhong.Every-DoAgainCoreDataTests";
				PRODUCT_NAME = "$(TARGET_NAME)";
				TEST_HOST = "$(BUILT_PRODUCTS_DIR)/Every.DoAgainCoreData.app/Every.DoAgainCoreData";
			};
			name = Debug;
		};
		2B1089481DE6119800652D19 /* Release */ = {
			isa = XCBuildConfiguration;
			buildSettings = {
				BUNDLE_LOADER = "$(TEST_HOST)";
				INFOPLIST_FILE = Every.DoAgainCoreDataTests/Info.plist;
				LD_RUNPATH_SEARCH_PATHS = "$(inherited) @executable_path/Frameworks @loader_path/Frameworks";
				PRODUCT_BUNDLE_IDENTIFIER = "com.victorhong.Every-DoAgainCoreDataTests";
				PRODUCT_NAME = "$(TARGET_NAME)";
				TEST_HOST = "$(BUILT_PRODUCTS_DIR)/Every.DoAgainCoreData.app/Every.DoAgainCoreData";
			};
			name = Release;
		};
		2B10894A1DE6119800652D19 /* Debug */ = {
			isa = XCBuildConfiguration;
			buildSettings = {
				INFOPLIST_FILE = Every.DoAgainCoreDataUITests/Info.plist;
				LD_RUNPATH_SEARCH_PATHS = "$(inherited) @executable_path/Frameworks @loader_path/Frameworks";
				PRODUCT_BUNDLE_IDENTIFIER = "com.victorhong.Every-DoAgainCoreDataUITests";
				PRODUCT_NAME = "$(TARGET_NAME)";
				TEST_TARGET_NAME = Every.DoAgainCoreData;
			};
			name = Debug;
		};
		2B10894B1DE6119800652D19 /* Release */ = {
			isa = XCBuildConfiguration;
			buildSettings = {
				INFOPLIST_FILE = Every.DoAgainCoreDataUITests/Info.plist;
				LD_RUNPATH_SEARCH_PATHS = "$(inherited) @executable_path/Frameworks @loader_path/Frameworks";
				PRODUCT_BUNDLE_IDENTIFIER = "com.victorhong.Every-DoAgainCoreDataUITests";
				PRODUCT_NAME = "$(TARGET_NAME)";
				TEST_TARGET_NAME = Every.DoAgainCoreData;
			};
			name = Release;
		};
/* End XCBuildConfiguration section */

/* Begin XCConfigurationList section */
		2B10890B1DE6119800652D19 /* Build configuration list for PBXProject "Every.DoAgainCoreData" */ = {
			isa = XCConfigurationList;
			buildConfigurations = (
				2B1089411DE6119800652D19 /* Debug */,
				2B1089421DE6119800652D19 /* Release */,
			);
			defaultConfigurationIsVisible = 0;
			defaultConfigurationName = Release;
		};
		2B1089431DE6119800652D19 /* Build configuration list for PBXNativeTarget "Every.DoAgainCoreData" */ = {
			isa = XCConfigurationList;
			buildConfigurations = (
				2B1089441DE6119800652D19 /* Debug */,
				2B1089451DE6119800652D19 /* Release */,
			);
			defaultConfigurationIsVisible = 0;
		};
		2B1089461DE6119800652D19 /* Build configuration list for PBXNativeTarget "Every.DoAgainCoreDataTests" */ = {
			isa = XCConfigurationList;
			buildConfigurations = (
				2B1089471DE6119800652D19 /* Debug */,
				2B1089481DE6119800652D19 /* Release */,
			);
			defaultConfigurationIsVisible = 0;
		};
		2B1089491DE6119800652D19 /* Build configuration list for PBXNativeTarget "Every.DoAgainCoreDataUITests" */ = {
			isa = XCConfigurationList;
			buildConfigurations = (
				2B10894A1DE6119800652D19 /* Debug */,
				2B10894B1DE6119800652D19 /* Release */,
			);
			defaultConfigurationIsVisible = 0;
		};
/* End XCConfigurationList section */

/* Begin XCVersionGroup section */
		2B1089191DE6119800652D19 /* Every_DoAgainCoreData.xcdatamodeld */ = {
			isa = XCVersionGroup;
			children = (
				2B10891A1DE6119800652D19 /* Every_DoAgainCoreData.xcdatamodel */,
			);
			currentVersion = 2B10891A1DE6119800652D19 /* Every_DoAgainCoreData.xcdatamodel */;
			path = Every_DoAgainCoreData.xcdatamodeld;
			sourceTree = "<group>";
			versionGroupType = wrapper.xcdatamodel;
		};
/* End XCVersionGroup section */
	};
	rootObject = 2B1089081DE6119800652D19 /* Project object */;
}
